
Microsoft Visual Studio Solution File, Format Version 12.00
Project("{FAE04EC0-301F-11D3-BF4B-00C04F79EFBC}") = "Test", "Test.csproj", "{1572e9d2-f48f-4267-8e93-ea87aa85bc15}"
EndProject
Global
	GlobalSection(SolutionConfigurationPlatforms) = preSolution
		Debug|x64 = Debug|x64
	EndGlobalSection
	GlobalSection(ProjectConfigurationPlatforms) = postSolution
		{1572e9d2-f48f-4267-8e93-ea87aa85bc15}.Debug|x64.ActiveCfg = Debug|x64
		{1572e9d2-f48f-4267-8e93-ea87aa85bc15}.Debug|x64.Build.0 = Debug|x64
	EndGlobalSection
	GlobalSection(SolutionProperties) = preSolution
    	HideSolutionNode = FALSE
    EndGlobalSection
EndGlobal
